{
  "version": 4,
  "terraform_version": "1.14.3",
  "serial": 11,
  "lineage": "86955da5-560f-0bd8-15f4-e068c4ee60c1",
  "outputs": {
    "public_ip": {
      "value": "3.111.55.122",
      "type": "string"
    }
  },
  "resources": [
    {
      "mode": "managed",
      "type": "aws_instance",
      "name": "kanban_vm",
      "provider": "provider[\"registry.terraform.io/hashicorp/aws\"]",
      "instances": [
        {
          "schema_version": 2,
          "attributes": {
            "ami": "ami-0f5ee92e2d63afc18",
            "arn": "arn:aws:ec2:ap-south-1:503539343148:instance/i-04f5ee5ee158a8fee",
            "associate_public_ip_address": true,
            "availability_zone": "ap-south-1b",
            "capacity_reservation_specification": [
              {
                "capacity_reservation_preference": "open",
                "capacity_reservation_target": []
              }
            ],
            "cpu_options": [
              {
                "amd_sev_snp": "",
                "core_count": 1,
                "threads_per_core": 2
              }
            ],
            "credit_specification": [
              {
                "cpu_credits": "unlimited"
              }
            ],
            "disable_api_stop": false,
            "disable_api_termination": false,
            "ebs_block_device": [],
            "ebs_optimized": false,
            "enable_primary_ipv6": null,
            "enclave_options": [
              {
                "enabled": false
              }
            ],
            "ephemeral_block_device": [],
            "force_destroy": false,
            "get_password_data": false,
            "hibernation": false,
            "host_id": "",
            "host_resource_group_arn": null,
            "iam_instance_profile": "",
            "id": "i-04f5ee5ee158a8fee",
            "instance_initiated_shutdown_behavior": "stop",
            "instance_lifecycle": "",
            "instance_market_options": [],
            "instance_state": "running",
            "instance_type": "t3.medium",
            "ipv6_address_count": 0,
            "ipv6_addresses": [],
            "key_name": "kanban-key",
            "launch_template": [],
            "maintenance_options": [
              {
                "auto_recovery": "default"
              }
            ],
            "metadata_options": [
              {
                "http_endpoint": "enabled",
                "http_protocol_ipv6": "disabled",
                "http_put_response_hop_limit": 1,
                "http_tokens": "optional",
                "instance_metadata_tags": "disabled"
              }
            ],
            "monitoring": false,
            "network_interface": [],
            "outpost_arn": "",
            "password_data": "",
            "placement_group": "",
            "placement_group_id": "",
            "placement_partition_number": 0,
            "primary_network_interface": [
              {
                "delete_on_termination": true,
                "network_interface_id": "eni-08ead17cb5983c210"
              }
            ],
            "primary_network_interface_id": "eni-08ead17cb5983c210",
            "private_dns": "ip-172-31-7-238.ap-south-1.compute.internal",
            "private_dns_name_options": [
              {
                "enable_resource_name_dns_a_record": false,
                "enable_resource_name_dns_aaaa_record": false,
                "hostname_type": "ip-name"
              }
            ],
            "private_ip": "172.31.7.238",
            "public_dns": "ec2-3-111-55-122.ap-south-1.compute.amazonaws.com",
            "public_ip": "3.111.55.122",
            "region": "ap-south-1",
            "root_block_device": [
              {
                "delete_on_termination": true,
                "device_name": "/dev/sda1",
                "encrypted": false,
                "iops": 100,
                "kms_key_id": "",
                "tags": {},
                "tags_all": {},
                "throughput": 0,
                "volume_id": "vol-0d09f26066b65df50",
                "volume_size": 8,
                "volume_type": "gp2"
              }
            ],
            "secondary_private_ips": [],
            "security_groups": [
              "kanban-sg"
            ],
            "source_dest_check": true,
            "spot_instance_request_id": "",
            "subnet_id": "subnet-0553100cf85e14337",
            "tags": {
              "Name": "kanban-devops-vm"
            },
            "tags_all": {
              "Name": "kanban-devops-vm"
            },
            "tenancy": "default",
            "timeouts": null,
            "user_data": null,
            "user_data_base64": null,
            "user_data_replace_on_change": false,
            "volume_tags": null,
            "vpc_security_group_ids": [
              "sg-0c86645c97036cdef"
            ]
          },
          "sensitive_attributes": [],
          "identity_schema_version": 0,
          "identity": {
            "account_id": "503539343148",
            "id": "i-04f5ee5ee158a8fee",
            "region": "ap-south-1"
          },
          "private": "eyJlMmJmYjczMC1lY2FhLTExZTYtOGY4OC0zNDM2M2JjN2M0YzAiOnsiY3JlYXRlIjo2MDAwMDAwMDAwMDAsImRlbGV0ZSI6MTIwMDAwMDAwMDAwMCwicmVhZCI6OTAwMDAwMDAwMDAwLCJ1cGRhdGUiOjYwMDAwMDAwMDAwMH0sInNjaGVtYV92ZXJzaW9uIjoiMiJ9",
          "dependencies": [
            "aws_key_pair.kanban_key",
            "aws_security_group.kanban_sg"
          ]
        }
      ]
    },
    {
      "mode": "managed",
      "type": "aws_key_pair",
      "name": "kanban_key",
      "provider": "provider[\"registry.terraform.io/hashicorp/aws\"]",
      "instances": [
        {
          "schema_version": 1,
          "attributes": {
            "arn": "arn:aws:ec2:ap-south-1:503539343148:key-pair/kanban-key",
            "fingerprint": "c0:c2:69:23:6b:38:ca:86:ed:5a:9e:08:c4:f9:f5:04",
            "id": "kanban-key",
            "key_name": "kanban-key",
            "key_name_prefix": "",
            "key_pair_id": "key-06df4a5e775a42d47",
            "key_type": "rsa",
            "public_key": "ssh-rsa AAAAB3NzaC1yc2EAAAADAQABAAACAQCzhPtnGSWeefq+zW7G+1BsQVpKMBa41UOSknjUf2Sq5JRAWl41lxN4cTx9B8+lNOVMzP2+KWk9tTwwWEN1lji8db8e4KuRRoD0OZhBZR/6K9cZ47oEuqATTq7QvlH4vGQeYedL4xeVEZx3J0DuCMUeY6QjBdyPub8ytkkWi7eAG4xe0FtESLDiUk3w0U0MUhmV9KFcs5VTcbLes1+M6jYyLIE13tFbwav/bqnTfEdu8yZBquC6WEEPSmz4re+ozby9e6jZZfQCS5BhbairVSyEKTHpXQaEpOroknNxRrl5mIT6scCyy6wyJpdDDvs0SizNgEUSOibxDUEB2ioawUtOTm/U/xzClSATddBf2ZanNdCxin5TfR2zP3pQ9+vMcacj+ZlQRShhL42BzXAYgA3yl++NYmaSQEaSRXIsnGEisBBucLRj9IAUhy8cn5UtHLluK8geIXg67VHCao+/4ZnRKteL/r0kV0f0X2WS9+QoXOSasPx6Om4XhOCO+zObMWos7WNwUCmtEaw8URZBiS2f7rEMxu4JpbOi1jMO7ymslkhxyXjwSwCcMGJkvUs6Cawe9hOqROqlxQm/WwXhidqqNME69Hv3sreCKlKORFZTl4RhhqaXWU1XSrYM2NzlKX1iw61DyK2bWn3VeHAvV4aOG/z3At3Q2I5PecoEV8kruw== prince@PrincePC",
            "region": "ap-south-1",
            "tags": {},
            "tags_all": {}
          },
          "sensitive_attributes": [],
          "identity_schema_version": 0,
          "private": "eyJzY2hlbWFfdmVyc2lvbiI6IjEifQ=="
        }
      ]
    },
    {
      "mode": "managed",
      "type": "aws_security_group",
      "name": "kanban_sg",
      "provider": "provider[\"registry.terraform.io/hashicorp/aws\"]",
      "instances": [
        {
          "schema_version": 1,
          "attributes": {
            "arn": "arn:aws:ec2:ap-south-1:503539343148:security-group/sg-0c86645c97036cdef",
            "description": "Allow SSH, HTTP, Jenkins",
            "egress": [
              {
                "cidr_blocks": [
                  "0.0.0.0/0"
                ],
                "description": "",
                "from_port": 0,
                "ipv6_cidr_blocks": [],
                "prefix_list_ids": [],
                "protocol": "-1",
                "security_groups": [],
                "self": false,
                "to_port": 0
              }
            ],
            "id": "sg-0c86645c97036cdef",
            "ingress": [
              {
                "cidr_blocks": [
                  "0.0.0.0/0"
                ],
                "description": "",
                "from_port": 22,
                "ipv6_cidr_blocks": [],
                "prefix_list_ids": [],
                "protocol": "tcp",
                "security_groups": [],
                "self": false,
                "to_port": 22
              },
              {
                "cidr_blocks": [
                  "0.0.0.0/0"
                ],
                "description": "",
                "from_port": 8080,
                "ipv6_cidr_blocks": [],
                "prefix_list_ids": [],
                "protocol": "tcp",
                "security_groups": [],
                "self": false,
                "to_port": 8080
              },
              {
                "cidr_blocks": [
                  "0.0.0.0/0"
                ],
                "description": "",
                "from_port": 80,
                "ipv6_cidr_blocks": [],
                "prefix_list_ids": [],
                "protocol": "tcp",
                "security_groups": [],
                "self": false,
                "to_port": 80
              }
            ],
            "name": "kanban-sg",
            "name_prefix": "",
            "owner_id": "503539343148",
            "region": "ap-south-1",
            "revoke_rules_on_delete": false,
            "tags": {},
            "tags_all": {},
            "timeouts": null,
            "vpc_id": "vpc-09e2a83050292761d"
          },
          "sensitive_attributes": [],
          "identity_schema_version": 0,
          "identity": {
            "account_id": "503539343148",
            "id": "sg-0c86645c97036cdef",
            "region": "ap-south-1"
          },
          "private": "eyJlMmJmYjczMC1lY2FhLTExZTYtOGY4OC0zNDM2M2JjN2M0YzAiOnsiY3JlYXRlIjo2MDAwMDAwMDAwMDAsImRlbGV0ZSI6OTAwMDAwMDAwMDAwfSwic2NoZW1hX3ZlcnNpb24iOiIxIn0="
        }
      ]
    },
    {
      "mode": "managed",
      "type": "null_resource",
      "name": "ansible",
      "provider": "provider[\"registry.terraform.io/hashicorp/null\"]",
      "instances": [
        {
          "schema_version": 0,
          "attributes": {
            "id": "8702626974440789201",
            "triggers": null
          },
          "sensitive_attributes": [],
          "identity_schema_version": 0,
          "dependencies": [
            "aws_instance.kanban_vm",
            "aws_key_pair.kanban_key",
            "aws_security_group.kanban_sg"
          ]
        }
      ]
    }
  ],
  "check_results": null
}
